
Microsoft Visual Studio Solution File, Format Version 12.00
# Visual Studio Version 16
VisualStudioVersion = 16.0.29613.14
MinimumVisualStudioVersion = 15.0.26124.0
Project("{2150E333-8FDC-42A3-9474-1A3956D46DE8}") = "IdentityServer", "IdentityServer", "{6077E405-B1C2-47B4-A7C7-49989832F219}"
EndProject
Project("{9A19103F-16F7-4668-BE54-9A1E7A4F7556}") = "IAG.IdentityServer", "IdentityServer\src\IAG.IdentityServer\IAG.IdentityServer.csproj", "{7BFE981A-999F-4598-A05A-63A0557C1611}"
EndProject
Project("{9A19103F-16F7-4668-BE54-9A1E7A4F7556}") = "IAG.IdentityServer.HostWindows", "IdentityServer\src\IAG.IdentityServer.HostWindows\IAG.IdentityServer.HostWindows.csproj", "{CD13CC84-809D-45C5-89D2-FD3F9C5E33BA}"
EndProject
Project("{9A19103F-16F7-4668-BE54-9A1E7A4F7556}") = "IAG.IdentityServer.Test", "IdentityServer\test\IAG.IdentityServer.Test\IAG.IdentityServer.Test.csproj", "{3406F21B-8D26-4F68-95B0-7CC14C00CFC0}"
EndProject
Project("{2150E333-8FDC-42A3-9474-1A3956D46DE8}") = "Infrastructure", "Infrastructure", "{376BFFC0-0F89-4582-84FD-90BD9EBFB063}"
EndProject
Project("{9A19103F-16F7-4668-BE54-9A1E7A4F7556}") = "IAG.HostWindows", "Infrastructure\src\IAG.HostWindows\IAG.HostWindows.csproj", "{2E11A105-BAE2-422B-B519-02D2118D5F2C}"
EndProject
Project("{9A19103F-16F7-4668-BE54-9A1E7A4F7556}") = "IAG.Infrastructure", "Infrastructure\src\IAG.Infrastructure\IAG.Infrastructure.csproj", "{A21CDF45-130F-4D28-8993-9B355F9F153B}"
EndProject
Project("{9A19103F-16F7-4668-BE54-9A1E7A4F7556}") = "IAG.Infrastructure.IntegrationTest", "Infrastructure\test\IAG.Infrastructure.IntegrationTest\IAG.Infrastructure.IntegrationTest.csproj", "{589BC2C3-73CE-4E85-8F4E-8DFEEE954939}"
EndProject
Project("{9A19103F-16F7-4668-BE54-9A1E7A4F7556}") = "IAG.Infrastructure.Test", "Infrastructure\test\IAG.Infrastructure.Test\IAG.Infrastructure.Test.csproj", "{E337C6E5-0F58-4A9F-91F9-973D50310E8D}"
EndProject
Project("{2150E333-8FDC-42A3-9474-1A3956D46DE8}") = "ProcessEngine", "ProcessEngine", "{CD65C05F-975F-413E-B261-5A5E8DF289BF}"
EndProject
Project("{9A19103F-16F7-4668-BE54-9A1E7A4F7556}") = "IAG.ProcessEngine", "ProcessEngine\src\IAG.ProcessEngine\IAG.ProcessEngine.csproj", "{BBF10166-5DE8-43B7-B157-8863305A54C0}"
EndProject
Project("{9A19103F-16F7-4668-BE54-9A1E7A4F7556}") = "IAG.ProcessEngine.HostWindows", "ProcessEngine\src\IAG.ProcessEngine.HostWindows\IAG.ProcessEngine.HostWindows.csproj", "{79F27D8B-325E-4945-B3B9-0A4EE1EAA04B}"
EndProject
Project("{9A19103F-16F7-4668-BE54-9A1E7A4F7556}") = "IAG.ProcessEngine.IntegrationTest", "ProcessEngine\test\IAG.ProcessEngine.IntegrationTest\IAG.ProcessEngine.IntegrationTest.csproj", "{883EE38B-69C9-4070-B9B6-334D77B25FFF}"
EndProject
Project("{9A19103F-16F7-4668-BE54-9A1E7A4F7556}") = "IAG.ProcessEngine.Test", "ProcessEngine\test\IAG.ProcessEngine.Test\IAG.ProcessEngine.Test.csproj", "{AB9DE251-8AF6-4507-911B-53CD0F82909F}"
EndProject
Project("{9A19103F-16F7-4668-BE54-9A1E7A4F7556}") = "IAG.ProcessEngine.Plugin.TestJob", "ProcessEngine\src\IAG.ProcessEngine.Plugin.TestJob\IAG.ProcessEngine.Plugin.TestJob.csproj", "{588F9C9D-D857-4257-80D2-5AE15A35C24A}"
EndProject
Project("{9A19103F-16F7-4668-BE54-9A1E7A4F7556}") = "IAG.IdentityServer.IntegrationTest", "IdentityServer\test\IAG.IdentityServer.IntegrationTest\IAG.IdentityServer.IntegrationTest.csproj", "{F4254045-EC4F-4EE2-B352-F8E2450661F4}"
EndProject
Project("{2150E333-8FDC-42A3-9474-1A3956D46DE8}") = "ControlCenter", "ControlCenter", "{4259615C-8B46-44C0-AC6A-C15D2CC32D97}"
EndProject
Project("{9A19103F-16F7-4668-BE54-9A1E7A4F7556}") = "IAG.ControlCenter", "ControlCenter\src\IAG.ControlCenter\IAG.ControlCenter.csproj", "{C04D23B4-5DB4-4EE1-B706-B74594813F65}"
EndProject
Project("{9A19103F-16F7-4668-BE54-9A1E7A4F7556}") = "IAG.ControlCenter.IntegrationTest", "ControlCenter\test\IAG.ControlCenter.IntegrationTest\IAG.ControlCenter.IntegrationTest.csproj", "{382F52D3-4B91-4C94-A0ED-F8BB181D32EB}"
EndProject
Project("{9A19103F-16F7-4668-BE54-9A1E7A4F7556}") = "IAG.ControlCenter.Test", "ControlCenter\test\IAG.ControlCenter.Test\IAG.ControlCenter.Test.csproj", "{0D031B74-5334-43EC-8F72-89907CEAA53C}"
EndProject
Global
	GlobalSection(SolutionConfigurationPlatforms) = preSolution
		Debug|Any CPU = Debug|Any CPU
		Debug|x64 = Debug|x64
		Debug|x86 = Debug|x86
		Release|Any CPU = Release|Any CPU
		Release|x64 = Release|x64
		Release|x86 = Release|x86
	EndGlobalSection
	GlobalSection(ProjectConfigurationPlatforms) = postSolution
		{7BFE981A-999F-4598-A05A-63A0557C1611}.Debug|Any CPU.ActiveCfg = Debug|Any CPU
		{7BFE981A-999F-4598-A05A-63A0557C1611}.Debug|Any CPU.Build.0 = Debug|Any CPU
		{7BFE981A-999F-4598-A05A-63A0557C1611}.Debug|x64.ActiveCfg = Debug|Any CPU
		{7BFE981A-999F-4598-A05A-63A0557C1611}.Debug|x64.Build.0 = Debug|Any CPU
		{7BFE981A-999F-4598-A05A-63A0557C1611}.Debug|x86.ActiveCfg = Debug|Any CPU
		{7BFE981A-999F-4598-A05A-63A0557C1611}.Debug|x86.Build.0 = Debug|Any CPU
		{7BFE981A-999F-4598-A05A-63A0557C1611}.Release|Any CPU.ActiveCfg = Release|Any CPU
		{7BFE981A-999F-4598-A05A-63A0557C1611}.Release|Any CPU.Build.0 = Release|Any CPU
		{7BFE981A-999F-4598-A05A-63A0557C1611}.Release|x64.ActiveCfg = Release|Any CPU
		{7BFE981A-999F-4598-A05A-63A0557C1611}.Release|x64.Build.0 = Release|Any CPU
		{7BFE981A-999F-4598-A05A-63A0557C1611}.Release|x86.ActiveCfg = Release|Any CPU
		{7BFE981A-999F-4598-A05A-63A0557C1611}.Release|x86.Build.0 = Release|Any CPU
		{CD13CC84-809D-45C5-89D2-FD3F9C5E33BA}.Debug|Any CPU.ActiveCfg = Debug|Any CPU
		{CD13CC84-809D-45C5-89D2-FD3F9C5E33BA}.Debug|Any CPU.Build.0 = Debug|Any CPU
		{CD13CC84-809D-45C5-89D2-FD3F9C5E33BA}.Debug|x64.ActiveCfg = Debug|Any CPU
		{CD13CC84-809D-45C5-89D2-FD3F9C5E33BA}.Debug|x64.Build.0 = Debug|Any CPU
		{CD13CC84-809D-45C5-89D2-FD3F9C5E33BA}.Debug|x86.ActiveCfg = Debug|Any CPU
		{CD13CC84-809D-45C5-89D2-FD3F9C5E33BA}.Debug|x86.Build.0 = Debug|Any CPU
		{CD13CC84-809D-45C5-89D2-FD3F9C5E33BA}.Release|Any CPU.ActiveCfg = Release|Any CPU
		{CD13CC84-809D-45C5-89D2-FD3F9C5E33BA}.Release|Any CPU.Build.0 = Release|Any CPU
		{CD13CC84-809D-45C5-89D2-FD3F9C5E33BA}.Release|x64.ActiveCfg = Release|Any CPU
		{CD13CC84-809D-45C5-89D2-FD3F9C5E33BA}.Release|x64.Build.0 = Release|Any CPU
		{CD13CC84-809D-45C5-89D2-FD3F9C5E33BA}.Release|x86.ActiveCfg = Release|Any CPU
		{CD13CC84-809D-45C5-89D2-FD3F9C5E33BA}.Release|x86.Build.0 = Release|Any CPU
		{3406F21B-8D26-4F68-95B0-7CC14C00CFC0}.Debug|Any CPU.ActiveCfg = Debug|Any CPU
		{3406F21B-8D26-4F68-95B0-7CC14C00CFC0}.Debug|Any CPU.Build.0 = Debug|Any CPU
		{3406F21B-8D26-4F68-95B0-7CC14C00CFC0}.Debug|x64.ActiveCfg = Debug|Any CPU
		{3406F21B-8D26-4F68-95B0-7CC14C00CFC0}.Debug|x64.Build.0 = Debug|Any CPU
		{3406F21B-8D26-4F68-95B0-7CC14C00CFC0}.Debug|x86.ActiveCfg = Debug|Any CPU
		{3406F21B-8D26-4F68-95B0-7CC14C00CFC0}.Debug|x86.Build.0 = Debug|Any CPU
		{3406F21B-8D26-4F68-95B0-7CC14C00CFC0}.Release|Any CPU.ActiveCfg = Release|Any CPU
		{3406F21B-8D26-4F68-95B0-7CC14C00CFC0}.Release|Any CPU.Build.0 = Release|Any CPU
		{3406F21B-8D26-4F68-95B0-7CC14C00CFC0}.Release|x64.ActiveCfg = Release|Any CPU
		{3406F21B-8D26-4F68-95B0-7CC14C00CFC0}.Release|x64.Build.0 = Release|Any CPU
		{3406F21B-8D26-4F68-95B0-7CC14C00CFC0}.Release|x86.ActiveCfg = Release|Any CPU
		{3406F21B-8D26-4F68-95B0-7CC14C00CFC0}.Release|x86.Build.0 = Release|Any CPU
		{2E11A105-BAE2-422B-B519-02D2118D5F2C}.Debug|Any CPU.ActiveCfg = Debug|Any CPU
		{2E11A105-BAE2-422B-B519-02D2118D5F2C}.Debug|Any CPU.Build.0 = Debug|Any CPU
		{2E11A105-BAE2-422B-B519-02D2118D5F2C}.Debug|x64.ActiveCfg = Debug|Any CPU
		{2E11A105-BAE2-422B-B519-02D2118D5F2C}.Debug|x64.Build.0 = Debug|Any CPU
		{2E11A105-BAE2-422B-B519-02D2118D5F2C}.Debug|x86.ActiveCfg = Debug|Any CPU
		{2E11A105-BAE2-422B-B519-02D2118D5F2C}.Debug|x86.Build.0 = Debug|Any CPU
		{2E11A105-BAE2-422B-B519-02D2118D5F2C}.Release|Any CPU.ActiveCfg = Release|Any CPU
		{2E11A105-BAE2-422B-B519-02D2118D5F2C}.Release|Any CPU.Build.0 = Release|Any CPU
		{2E11A105-BAE2-422B-B519-02D2118D5F2C}.Release|x64.ActiveCfg = Release|Any CPU
		{2E11A105-BAE2-422B-B519-02D2118D5F2C}.Release|x64.Build.0 = Release|Any CPU
		{2E11A105-BAE2-422B-B519-02D2118D5F2C}.Release|x86.ActiveCfg = Release|Any CPU
		{2E11A105-BAE2-422B-B519-02D2118D5F2C}.Release|x86.Build.0 = Release|Any CPU
		{A21CDF45-130F-4D28-8993-9B355F9F153B}.Debug|Any CPU.ActiveCfg = Debug|Any CPU
		{A21CDF45-130F-4D28-8993-9B355F9F153B}.Debug|Any CPU.Build.0 = Debug|Any CPU
		{A21CDF45-130F-4D28-8993-9B355F9F153B}.Debug|x64.ActiveCfg = Debug|Any CPU
		{A21CDF45-130F-4D28-8993-9B355F9F153B}.Debug|x64.Build.0 = Debug|Any CPU
		{A21CDF45-130F-4D28-8993-9B355F9F153B}.Debug|x86.ActiveCfg = Debug|Any CPU
		{A21CDF45-130F-4D28-8993-9B355F9F153B}.Debug|x86.Build.0 = Debug|Any CPU
		{A21CDF45-130F-4D28-8993-9B355F9F153B}.Release|Any CPU.ActiveCfg = Release|Any CPU
		{A21CDF45-130F-4D28-8993-9B355F9F153B}.Release|Any CPU.Build.0 = Release|Any CPU
		{A21CDF45-130F-4D28-8993-9B355F9F153B}.Release|x64.ActiveCfg = Release|Any CPU
		{A21CDF45-130F-4D28-8993-9B355F9F153B}.Release|x64.Build.0 = Release|Any CPU
		{A21CDF45-130F-4D28-8993-9B355F9F153B}.Release|x86.ActiveCfg = Release|Any CPU
		{A21CDF45-130F-4D28-8993-9B355F9F153B}.Release|x86.Build.0 = Release|Any CPU
		{589BC2C3-73CE-4E85-8F4E-8DFEEE954939}.Debug|Any CPU.ActiveCfg = Debug|Any CPU
		{589BC2C3-73CE-4E85-8F4E-8DFEEE954939}.Debug|Any CPU.Build.0 = Debug|Any CPU
		{589BC2C3-73CE-4E85-8F4E-8DFEEE954939}.Debug|x64.ActiveCfg = Debug|Any CPU
		{589BC2C3-73CE-4E85-8F4E-8DFEEE954939}.Debug|x64.Build.0 = Debug|Any CPU
		{589BC2C3-73CE-4E85-8F4E-8DFEEE954939}.Debug|x86.ActiveCfg = Debug|Any CPU
		{589BC2C3-73CE-4E85-8F4E-8DFEEE954939}.Debug|x86.Build.0 = Debug|Any CPU
		{589BC2C3-73CE-4E85-8F4E-8DFEEE954939}.Release|Any CPU.ActiveCfg = Release|Any CPU
		{589BC2C3-73CE-4E85-8F4E-8DFEEE954939}.Release|Any CPU.Build.0 = Release|Any CPU
		{589BC2C3-73CE-4E85-8F4E-8DFEEE954939}.Release|x64.ActiveCfg = Release|Any CPU
		{589BC2C3-73CE-4E85-8F4E-8DFEEE954939}.Release|x64.Build.0 = Release|Any CPU
		{589BC2C3-73CE-4E85-8F4E-8DFEEE954939}.Release|x86.ActiveCfg = Release|Any CPU
		{589BC2C3-73CE-4E85-8F4E-8DFEEE954939}.Release|x86.Build.0 = Release|Any CPU
		{E337C6E5-0F58-4A9F-91F9-973D50310E8D}.Debug|Any CPU.ActiveCfg = Debug|Any CPU
		{E337C6E5-0F58-4A9F-91F9-973D50310E8D}.Debug|Any CPU.Build.0 = Debug|Any CPU
		{E337C6E5-0F58-4A9F-91F9-973D50310E8D}.Debug|x64.ActiveCfg = Debug|Any CPU
		{E337C6E5-0F58-4A9F-91F9-973D50310E8D}.Debug|x64.Build.0 = Debug|Any CPU
		{E337C6E5-0F58-4A9F-91F9-973D50310E8D}.Debug|x86.ActiveCfg = Debug|Any CPU
		{E337C6E5-0F58-4A9F-91F9-973D50310E8D}.Debug|x86.Build.0 = Debug|Any CPU
		{E337C6E5-0F58-4A9F-91F9-973D50310E8D}.Release|Any CPU.ActiveCfg = Release|Any CPU
		{E337C6E5-0F58-4A9F-91F9-973D50310E8D}.Release|Any CPU.Build.0 = Release|Any CPU
		{E337C6E5-0F58-4A9F-91F9-973D50310E8D}.Release|x64.ActiveCfg = Release|Any CPU
		{E337C6E5-0F58-4A9F-91F9-973D50310E8D}.Release|x64.Build.0 = Release|Any CPU
		{E337C6E5-0F58-4A9F-91F9-973D50310E8D}.Release|x86.ActiveCfg = Release|Any CPU
		{E337C6E5-0F58-4A9F-91F9-973D50310E8D}.Release|x86.Build.0 = Release|Any CPU
		{BBF10166-5DE8-43B7-B157-8863305A54C0}.Debug|Any CPU.ActiveCfg = Debug|Any CPU
		{BBF10166-5DE8-43B7-B157-8863305A54C0}.Debug|Any CPU.Build.0 = Debug|Any CPU
		{BBF10166-5DE8-43B7-B157-8863305A54C0}.Debug|x64.ActiveCfg = Debug|Any CPU
		{BBF10166-5DE8-43B7-B157-8863305A54C0}.Debug|x64.Build.0 = Debug|Any CPU
		{BBF10166-5DE8-43B7-B157-8863305A54C0}.Debug|x86.ActiveCfg = Debug|Any CPU
		{BBF10166-5DE8-43B7-B157-8863305A54C0}.Debug|x86.Build.0 = Debug|Any CPU
		{BBF10166-5DE8-43B7-B157-8863305A54C0}.Release|Any CPU.ActiveCfg = Release|Any CPU
		{BBF10166-5DE8-43B7-B157-8863305A54C0}.Release|Any CPU.Build.0 = Release|Any CPU
		{BBF10166-5DE8-43B7-B157-8863305A54C0}.Release|x64.ActiveCfg = Release|Any CPU
		{BBF10166-5DE8-43B7-B157-8863305A54C0}.Release|x64.Build.0 = Release|Any CPU
		{BBF10166-5DE8-43B7-B157-8863305A54C0}.Release|x86.ActiveCfg = Release|Any CPU
		{BBF10166-5DE8-43B7-B157-8863305A54C0}.Release|x86.Build.0 = Release|Any CPU
		{79F27D8B-325E-4945-B3B9-0A4EE1EAA04B}.Debug|Any CPU.ActiveCfg = Debug|Any CPU
		{79F27D8B-325E-4945-B3B9-0A4EE1EAA04B}.Debug|Any CPU.Build.0 = Debug|Any CPU
		{79F27D8B-325E-4945-B3B9-0A4EE1EAA04B}.Debug|x64.ActiveCfg = Debug|Any CPU
		{79F27D8B-325E-4945-B3B9-0A4EE1EAA04B}.Debug|x64.Build.0 = Debug|Any CPU
		{79F27D8B-325E-4945-B3B9-0A4EE1EAA04B}.Debug|x86.ActiveCfg = Debug|Any CPU
		{79F27D8B-325E-4945-B3B9-0A4EE1EAA04B}.Debug|x86.Build.0 = Debug|Any CPU
		{79F27D8B-325E-4945-B3B9-0A4EE1EAA04B}.Release|Any CPU.ActiveCfg = Release|Any CPU
		{79F27D8B-325E-4945-B3B9-0A4EE1EAA04B}.Release|Any CPU.Build.0 = Release|Any CPU
		{79F27D8B-325E-4945-B3B9-0A4EE1EAA04B}.Release|x64.ActiveCfg = Release|Any CPU
		{79F27D8B-325E-4945-B3B9-0A4EE1EAA04B}.Release|x64.Build.0 = Release|Any CPU
		{79F27D8B-325E-4945-B3B9-0A4EE1EAA04B}.Release|x86.ActiveCfg = Release|Any CPU
		{79F27D8B-325E-4945-B3B9-0A4EE1EAA04B}.Release|x86.Build.0 = Release|Any CPU
		{883EE38B-69C9-4070-B9B6-334D77B25FFF}.Debug|Any CPU.ActiveCfg = Debug|Any CPU
		{883EE38B-69C9-4070-B9B6-334D77B25FFF}.Debug|Any CPU.Build.0 = Debug|Any CPU
		{883EE38B-69C9-4070-B9B6-334D77B25FFF}.Debug|x64.ActiveCfg = Debug|Any CPU
		{883EE38B-69C9-4070-B9B6-334D77B25FFF}.Debug|x64.Build.0 = Debug|Any CPU
		{883EE38B-69C9-4070-B9B6-334D77B25FFF}.Debug|x86.ActiveCfg = Debug|Any CPU
		{883EE38B-69C9-4070-B9B6-334D77B25FFF}.Debug|x86.Build.0 = Debug|Any CPU
		{883EE38B-69C9-4070-B9B6-334D77B25FFF}.Release|Any CPU.ActiveCfg = Release|Any CPU
		{883EE38B-69C9-4070-B9B6-334D77B25FFF}.Release|Any CPU.Build.0 = Release|Any CPU
		{883EE38B-69C9-4070-B9B6-334D77B25FFF}.Release|x64.ActiveCfg = Release|Any CPU
		{883EE38B-69C9-4070-B9B6-334D77B25FFF}.Release|x64.Build.0 = Release|Any CPU
		{883EE38B-69C9-4070-B9B6-334D77B25FFF}.Release|x86.ActiveCfg = Release|Any CPU
		{883EE38B-69C9-4070-B9B6-334D77B25FFF}.Release|x86.Build.0 = Release|Any CPU
		{AB9DE251-8AF6-4507-911B-53CD0F82909F}.Debug|Any CPU.ActiveCfg = Debug|Any CPU
		{AB9DE251-8AF6-4507-911B-53CD0F82909F}.Debug|Any CPU.Build.0 = Debug|Any CPU
		{AB9DE251-8AF6-4507-911B-53CD0F82909F}.Debug|x64.ActiveCfg = Debug|Any CPU
		{AB9DE251-8AF6-4507-911B-53CD0F82909F}.Debug|x64.Build.0 = Debug|Any CPU
		{AB9DE251-8AF6-4507-911B-53CD0F82909F}.Debug|x86.ActiveCfg = Debug|Any CPU
		{AB9DE251-8AF6-4507-911B-53CD0F82909F}.Debug|x86.Build.0 = Debug|Any CPU
		{AB9DE251-8AF6-4507-911B-53CD0F82909F}.Release|Any CPU.ActiveCfg = Release|Any CPU
		{AB9DE251-8AF6-4507-911B-53CD0F82909F}.Release|Any CPU.Build.0 = Release|Any CPU
		{AB9DE251-8AF6-4507-911B-53CD0F82909F}.Release|x64.ActiveCfg = Release|Any CPU
		{AB9DE251-8AF6-4507-911B-53CD0F82909F}.Release|x64.Build.0 = Release|Any CPU
		{AB9DE251-8AF6-4507-911B-53CD0F82909F}.Release|x86.ActiveCfg = Release|Any CPU
		{AB9DE251-8AF6-4507-911B-53CD0F82909F}.Release|x86.Build.0 = Release|Any CPU
		{588F9C9D-D857-4257-80D2-5AE15A35C24A}.Debug|Any CPU.ActiveCfg = Debug|Any CPU
		{588F9C9D-D857-4257-80D2-5AE15A35C24A}.Debug|Any CPU.Build.0 = Debug|Any CPU
		{588F9C9D-D857-4257-80D2-5AE15A35C24A}.Debug|x64.ActiveCfg = Debug|Any CPU
		{588F9C9D-D857-4257-80D2-5AE15A35C24A}.Debug|x64.Build.0 = Debug|Any CPU
		{588F9C9D-D857-4257-80D2-5AE15A35C24A}.Debug|x86.ActiveCfg = Debug|Any CPU
		{588F9C9D-D857-4257-80D2-5AE15A35C24A}.Debug|x86.Build.0 = Debug|Any CPU
		{588F9C9D-D857-4257-80D2-5AE15A35C24A}.Release|Any CPU.ActiveCfg = Release|Any CPU
		{588F9C9D-D857-4257-80D2-5AE15A35C24A}.Release|Any CPU.Build.0 = Release|Any CPU
		{588F9C9D-D857-4257-80D2-5AE15A35C24A}.Release|x64.ActiveCfg = Release|Any CPU
		{588F9C9D-D857-4257-80D2-5AE15A35C24A}.Release|x64.Build.0 = Release|Any CPU
		{588F9C9D-D857-4257-80D2-5AE15A35C24A}.Release|x86.ActiveCfg = Release|Any CPU
		{588F9C9D-D857-4257-80D2-5AE15A35C24A}.Release|x86.Build.0 = Release|Any CPU
		{F4254045-EC4F-4EE2-B352-F8E2450661F4}.Debug|Any CPU.ActiveCfg = Debug|Any CPU
		{F4254045-EC4F-4EE2-B352-F8E2450661F4}.Debug|Any CPU.Build.0 = Debug|Any CPU
		{F4254045-EC4F-4EE2-B352-F8E2450661F4}.Debug|x64.ActiveCfg = Debug|Any CPU
		{F4254045-EC4F-4EE2-B352-F8E2450661F4}.Debug|x64.Build.0 = Debug|Any CPU
		{F4254045-EC4F-4EE2-B352-F8E2450661F4}.Debug|x86.ActiveCfg = Debug|Any CPU
		{F4254045-EC4F-4EE2-B352-F8E2450661F4}.Debug|x86.Build.0 = Debug|Any CPU
		{F4254045-EC4F-4EE2-B352-F8E2450661F4}.Release|Any CPU.ActiveCfg = Release|Any CPU
		{F4254045-EC4F-4EE2-B352-F8E2450661F4}.Release|Any CPU.Build.0 = Release|Any CPU
		{F4254045-EC4F-4EE2-B352-F8E2450661F4}.Release|x64.ActiveCfg = Release|Any CPU
		{F4254045-EC4F-4EE2-B352-F8E2450661F4}.Release|x64.Build.0 = Release|Any CPU
		{F4254045-EC4F-4EE2-B352-F8E2450661F4}.Release|x86.ActiveCfg = Release|Any CPU
		{F4254045-EC4F-4EE2-B352-F8E2450661F4}.Release|x86.Build.0 = Release|Any CPU
		{C04D23B4-5DB4-4EE1-B706-B74594813F65}.Debug|Any CPU.ActiveCfg = Debug|Any CPU
		{C04D23B4-5DB4-4EE1-B706-B74594813F65}.Debug|Any CPU.Build.0 = Debug|Any CPU
		{C04D23B4-5DB4-4EE1-B706-B74594813F65}.Debug|x64.ActiveCfg = Debug|Any CPU
		{C04D23B4-5DB4-4EE1-B706-B74594813F65}.Debug|x64.Build.0 = Debug|Any CPU
		{C04D23B4-5DB4-4EE1-B706-B74594813F65}.Debug|x86.ActiveCfg = Debug|Any CPU
		{C04D23B4-5DB4-4EE1-B706-B74594813F65}.Debug|x86.Build.0 = Debug|Any CPU
		{C04D23B4-5DB4-4EE1-B706-B74594813F65}.Release|Any CPU.ActiveCfg = Release|Any CPU
		{C04D23B4-5DB4-4EE1-B706-B74594813F65}.Release|Any CPU.Build.0 = Release|Any CPU
		{C04D23B4-5DB4-4EE1-B706-B74594813F65}.Release|x64.ActiveCfg = Release|Any CPU
		{C04D23B4-5DB4-4EE1-B706-B74594813F65}.Release|x64.Build.0 = Release|Any CPU
		{C04D23B4-5DB4-4EE1-B706-B74594813F65}.Release|x86.ActiveCfg = Release|Any CPU
		{C04D23B4-5DB4-4EE1-B706-B74594813F65}.Release|x86.Build.0 = Release|Any CPU
		{382F52D3-4B91-4C94-A0ED-F8BB181D32EB}.Debug|Any CPU.ActiveCfg = Debug|Any CPU
		{382F52D3-4B91-4C94-A0ED-F8BB181D32EB}.Debug|Any CPU.Build.0 = Debug|Any CPU
		{382F52D3-4B91-4C94-A0ED-F8BB181D32EB}.Debug|x64.ActiveCfg = Debug|Any CPU
		{382F52D3-4B91-4C94-A0ED-F8BB181D32EB}.Debug|x64.Build.0 = Debug|Any CPU
		{382F52D3-4B91-4C94-A0ED-F8BB181D32EB}.Debug|x86.ActiveCfg = Debug|Any CPU
		{382F52D3-4B91-4C94-A0ED-F8BB181D32EB}.Debug|x86.Build.0 = Debug|Any CPU
		{382F52D3-4B91-4C94-A0ED-F8BB181D32EB}.Release|Any CPU.ActiveCfg = Release|Any CPU
		{382F52D3-4B91-4C94-A0ED-F8BB181D32EB}.Release|Any CPU.Build.0 = Release|Any CPU
		{382F52D3-4B91-4C94-A0ED-F8BB181D32EB}.Release|x64.ActiveCfg = Release|Any CPU
		{382F52D3-4B91-4C94-A0ED-F8BB181D32EB}.Release|x64.Build.0 = Release|Any CPU
		{382F52D3-4B91-4C94-A0ED-F8BB181D32EB}.Release|x86.ActiveCfg = Release|Any CPU
		{382F52D3-4B91-4C94-A0ED-F8BB181D32EB}.Release|x86.Build.0 = Release|Any CPU
		{0D031B74-5334-43EC-8F72-89907CEAA53C}.Debug|Any CPU.ActiveCfg = Debug|Any CPU
		{0D031B74-5334-43EC-8F72-89907CEAA53C}.Debug|Any CPU.Build.0 = Debug|Any CPU
		{0D031B74-5334-43EC-8F72-89907CEAA53C}.Debug|x64.ActiveCfg = Debug|Any CPU
		{0D031B74-5334-43EC-8F72-89907CEAA53C}.Debug|x64.Build.0 = Debug|Any CPU
		{0D031B74-5334-43EC-8F72-89907CEAA53C}.Debug|x86.ActiveCfg = Debug|Any CPU
		{0D031B74-5334-43EC-8F72-89907CEAA53C}.Debug|x86.Build.0 = Debug|Any CPU
		{0D031B74-5334-43EC-8F72-89907CEAA53C}.Release|Any CPU.ActiveCfg = Release|Any CPU
		{0D031B74-5334-43EC-8F72-89907CEAA53C}.Release|Any CPU.Build.0 = Release|Any CPU
		{0D031B74-5334-43EC-8F72-89907CEAA53C}.Release|x64.ActiveCfg = Release|Any CPU
		{0D031B74-5334-43EC-8F72-89907CEAA53C}.Release|x64.Build.0 = Release|Any CPU
		{0D031B74-5334-43EC-8F72-89907CEAA53C}.Release|x86.ActiveCfg = Release|Any CPU
		{0D031B74-5334-43EC-8F72-89907CEAA53C}.Release|x86.Build.0 = Release|Any CPU
	EndGlobalSection
	GlobalSection(SolutionProperties) = preSolution
		HideSolutionNode = FALSE
	EndGlobalSection
	GlobalSection(NestedProjects) = preSolution
		{7BFE981A-999F-4598-A05A-63A0557C1611} = {6077E405-B1C2-47B4-A7C7-49989832F219}
		{CD13CC84-809D-45C5-89D2-FD3F9C5E33BA} = {6077E405-B1C2-47B4-A7C7-49989832F219}
		{3406F21B-8D26-4F68-95B0-7CC14C00CFC0} = {6077E405-B1C2-47B4-A7C7-49989832F219}
		{2E11A105-BAE2-422B-B519-02D2118D5F2C} = {376BFFC0-0F89-4582-84FD-90BD9EBFB063}
		{A21CDF45-130F-4D28-8993-9B355F9F153B} = {376BFFC0-0F89-4582-84FD-90BD9EBFB063}
		{589BC2C3-73CE-4E85-8F4E-8DFEEE954939} = {376BFFC0-0F89-4582-84FD-90BD9EBFB063}
		{E337C6E5-0F58-4A9F-91F9-973D50310E8D} = {376BFFC0-0F89-4582-84FD-90BD9EBFB063}
		{BBF10166-5DE8-43B7-B157-8863305A54C0} = {CD65C05F-975F-413E-B261-5A5E8DF289BF}
		{79F27D8B-325E-4945-B3B9-0A4EE1EAA04B} = {CD65C05F-975F-413E-B261-5A5E8DF289BF}
		{883EE38B-69C9-4070-B9B6-334D77B25FFF} = {CD65C05F-975F-413E-B261-5A5E8DF289BF}
		{AB9DE251-8AF6-4507-911B-53CD0F82909F} = {CD65C05F-975F-413E-B261-5A5E8DF289BF}
		{588F9C9D-D857-4257-80D2-5AE15A35C24A} = {CD65C05F-975F-413E-B261-5A5E8DF289BF}
		{F4254045-EC4F-4EE2-B352-F8E2450661F4} = {6077E405-B1C2-47B4-A7C7-49989832F219}
		{C04D23B4-5DB4-4EE1-B706-B74594813F65} = {4259615C-8B46-44C0-AC6A-C15D2CC32D97}
		{382F52D3-4B91-4C94-A0ED-F8BB181D32EB} = {4259615C-8B46-44C0-AC6A-C15D2CC32D97}
		{0D031B74-5334-43EC-8F72-89907CEAA53C} = {4259615C-8B46-44C0-AC6A-C15D2CC32D97}
	EndGlobalSection
	GlobalSection(ExtensibilityGlobals) = postSolution
		SolutionGuid = {81F6AAEC-443E-4EE7-B391-424699AE54CB}
	EndGlobalSection
EndGlobal
