
Microsoft Visual Studio Solution File, Format Version 12.00
# Visual Studio Version 16
VisualStudioVersion = 16.0.29215.179
MinimumVisualStudioVersion = 10.0.40219.1
Project("{2150E333-8FDC-42A3-9474-1A3956D46DE8}") = "HGf", "HGf", "{E16E953E-A782-4A8C-AF70-52D114DF16E6}"
EndProject
Project("{2150E333-8FDC-42A3-9474-1A3956D46DE8}") = "I-AG", "I-AG", "{2BAF8F0F-D49B-4784-A9AD-6889A9D2E168}"
EndProject
Project("{9A19103F-16F7-4668-BE54-9A1E7A4F7556}") = "IAG.Infrastructure", "..\Base\Infrastructure\src\IAG.Infrastructure\IAG.Infrastructure.csproj", "{96CB06ED-03B2-4739-B8B1-0700F0483D66}"
EndProject
Project("{2150E333-8FDC-42A3-9474-1A3956D46DE8}") = "Smith", "Smith", "{38E17517-B9B0-4FCD-9736-FFF0002FCAF9}"
EndProject
Project("{2150E333-8FDC-42A3-9474-1A3956D46DE8}") = "Base", "Base", "{93E73CF8-4227-42FF-8700-2ED1C15193A1}"
EndProject
Project("{9A19103F-16F7-4668-BE54-9A1E7A4F7556}") = "IAG.Common", "..\Common\src\IAG.Common\IAG.Common.csproj", "{89F20A64-F18A-4758-90B1-034AD394BC6E}"
EndProject
Project("{9A19103F-16F7-4668-BE54-9A1E7A4F7556}") = "IAG.PerformX", "..\PerformX\src\IAG.PerformX\IAG.PerformX.csproj", "{003B013E-275B-4089-979E-5B32659E60E4}"
EndProject
Project("{9A19103F-16F7-4668-BE54-9A1E7A4F7556}") = "IAG.VinX", "..\VinX\src\IAG.VinX\IAG.VinX.csproj", "{CB895261-E48F-4B9A-87E8-885BBD28EDA9}"
EndProject
Project("{9A19103F-16F7-4668-BE54-9A1E7A4F7556}") = "IAG.PerformX.HGf", "HGf\src\IAG.PerformX.HGf\IAG.PerformX.HGf.csproj", "{C8BD9744-02EE-4150-8BCD-24DC1D2105F1}"
EndProject
Project("{9A19103F-16F7-4668-BE54-9A1E7A4F7556}") = "IAG.PerformX.HGf.IntegrationTest", "HGf\test\IAG.PerformX.HGf.IntegrationTest\IAG.PerformX.HGf.IntegrationTest.csproj", "{45BE5CC3-9FF5-409B-AAEA-0AF4D8361D44}"
EndProject
Project("{9A19103F-16F7-4668-BE54-9A1E7A4F7556}") = "IAG.VinX.Smith.IntegrationTest", "Smith\test\IAG.VinX.Smith.IntegrationTest\IAG.VinX.Smith.IntegrationTest.csproj", "{8B12DB72-A352-47B9-ABDD-45AC71709B88}"
EndProject
Project("{9A19103F-16F7-4668-BE54-9A1E7A4F7556}") = "IAG.VinX.Smith", "Smith\src\IAG.VinX.Smith\IAG.VinX.Smith.csproj", "{5ECFDA31-BCE5-4612-97B9-AB76EC1EDD7D}"
EndProject
Project("{2150E333-8FDC-42A3-9474-1A3956D46DE8}") = "Zweifel", "Zweifel", "{7A795055-EEB7-4520-A07E-DF0FABCE031D}"
EndProject
Project("{9A19103F-16F7-4668-BE54-9A1E7A4F7556}") = "IAG.VinX.Zweifel", "Zweifel\src\IAG.VinX.Zweifel\IAG.VinX.Zweifel.csproj", "{1A5E842A-FC7D-4E64-AED4-92E58109167F}"
EndProject
Project("{9A19103F-16F7-4668-BE54-9A1E7A4F7556}") = "IAG.VinX.Zweifel.IntegrationTest", "Zweifel\test\IAG.VinX.Zweifel.IntegrationTest\IAG.VinX.Zweifel.IntegrationTest.csproj", "{EF881788-07C0-4641-A568-EEF12AD7397C}"
EndProject
Project("{9A19103F-16F7-4668-BE54-9A1E7A4F7556}") = "IAG.Infrastructure.Test", "..\Base\Infrastructure\test\IAG.Infrastructure.Test\IAG.Infrastructure.Test.csproj", "{705BECB6-7DD8-4972-902E-46F7C5D06A01}"
EndProject
Project("{2150E333-8FDC-42A3-9474-1A3956D46DE8}") = "CampusSursee", "CampusSursee", "{FAB008B0-2A53-45C9-B07C-0B7B240A30D8}"
EndProject
Project("{9A19103F-16F7-4668-BE54-9A1E7A4F7556}") = "IAG.PerformX.CampusSursee", "CampusSursee\src\IAG.PerformX.CampusSursee\IAG.PerformX.CampusSursee.csproj", "{7F33EDD2-A4B7-44BD-AB65-7A275DB7AEAB}"
EndProject
Project("{9A19103F-16F7-4668-BE54-9A1E7A4F7556}") = "IAG.PerformX.CampusSursee.IntegrationTest", "CampusSursee\test\IAG.PerformX.CampusSursee.IntegrationTest\IAG.PerformX.CampusSursee.IntegrationTest.csproj", "{8D311BD5-8E24-4CA0-A361-73A388F08E24}"
EndProject
Project("{2150E333-8FDC-42A3-9474-1A3956D46DE8}") = "Greiner", "Greiner", "{BAD6ACBF-1985-4512-AAF4-CE47F71E517E}"
EndProject
Project("{9A19103F-16F7-4668-BE54-9A1E7A4F7556}") = "IAG.VinX.Greiner", "Greiner\src\IAG.VinX.Greiner\IAG.VinX.Greiner.csproj", "{F60D3D12-FA75-4ECB-A793-533A9762A2F7}"
EndProject
Project("{9A19103F-16F7-4668-BE54-9A1E7A4F7556}") = "IAG.VinX.Greiner.IntegrationTest", "Greiner\test\IAG.VinX.Greiner.IntegrationTest\IAG.VinX.Greiner.IntegrationTest.csproj", "{66A9C24D-A8AF-4260-9B6C-58552827620C}"
EndProject
Project("{2150E333-8FDC-42A3-9474-1A3956D46DE8}") = "ibW", "ibW", "{C5D8DD75-B509-4A47-A8FC-4304F08901A9}"
EndProject
Project("{9A19103F-16F7-4668-BE54-9A1E7A4F7556}") = "IAG.PerformX.ibW", "ibW\src\IAG.PerformX.ibW\IAG.PerformX.ibW.csproj", "{40F01351-FE14-41BF-9874-7D655AEF4227}"
EndProject
Project("{9A19103F-16F7-4668-BE54-9A1E7A4F7556}") = "IAG.PerformX.ibW.IntergrationsTest", "ibW\test\IAG.PerformX.ibW.IntergrationsTest\IAG.PerformX.ibW.IntergrationsTest.csproj", "{01C214B6-E88F-43CE-BFBB-DAC0EE77D750}"
EndProject
Project("{9A19103F-16F7-4668-BE54-9A1E7A4F7556}") = "IAG.VinX.I-AG", "I-AG\src\IAG.VinX.I-AG\IAG.VinX.I-AG.csproj", "{68780380-EEE6-4EBF-9191-1EA03EEA1A30}"
EndProject
Project("{9A19103F-16F7-4668-BE54-9A1E7A4F7556}") = "IAG.VinX.I-AG.IntegrationTest", "I-AG\test\IAG.VinX.I-AG.IntegrationTest\IAG.VinX.I-AG.IntegrationTest.csproj", "{96CE8326-4C1A-485F-8F91-702154756D11}"
EndProject
Project("{9A19103F-16F7-4668-BE54-9A1E7A4F7556}") = "IAG.VinX.I-AG.Test", "I-AG\test\IAG.VinX.IAG.Test\IAG.VinX.I-AG.Test.csproj", "{E3C21C70-BDEC-4B73-9577-0EBC772FD432}"
EndProject
Project("{2150E333-8FDC-42A3-9474-1A3956D46DE8}") = "Globalwine", "Globalwine", "{2EF1C108-7E08-4414-9809-8CD951ECF1A2}"
EndProject
Project("{9A19103F-16F7-4668-BE54-9A1E7A4F7556}") = "IAG.VinX.Globalwine", "Globalwine\src\IAG.VinX.Globalwine\IAG.VinX.Globalwine.csproj", "{E93BF2F7-44F8-4E31-BA90-C5260C9CCDA8}"
EndProject
Project("{9A19103F-16F7-4668-BE54-9A1E7A4F7556}") = "IAG.VinX.Globalwine.IntegrationTest", "Globalwine\test\IAG.VinX.Globalwine.IntegrationTest\IAG.VinX.Globalwine.IntegrationTest.csproj", "{8E099BA2-E7D5-4A72-BE6D-2D00D9680F3F}"
EndProject
Project("{9A19103F-16F7-4668-BE54-9A1E7A4F7556}") = "IAG.VinX.Gedex", "Gedex\src\IAG.VinX.Gedex\IAG.VinX.Gedex.csproj", "{677278F0-DD72-489C-A72E-5DBF66D71668}"
EndProject
Project("{9A19103F-16F7-4668-BE54-9A1E7A4F7556}") = "IAG.VinX.Gedex.IntegrationTest", "Gedex\test\IAG.VinX.Gedex.IntegrationTest\IAG.VinX.Gedex.IntegrationTest.csproj", "{DBA0554B-46CE-4A62-840F-56A6E9205A7A}"
EndProject
Project("{2150E333-8FDC-42A3-9474-1A3956D46DE8}") = "Gedex", "Gedex", "{180467D9-7135-41EA-8046-1B0D9A80BC10}"
EndProject
Global
	GlobalSection(SolutionConfigurationPlatforms) = preSolution
		Debug|Any CPU = Debug|Any CPU
		Release|Any CPU = Release|Any CPU
	EndGlobalSection
	GlobalSection(ProjectConfigurationPlatforms) = postSolution
		{96CB06ED-03B2-4739-B8B1-0700F0483D66}.Debug|Any CPU.ActiveCfg = Debug|Any CPU
		{96CB06ED-03B2-4739-B8B1-0700F0483D66}.Debug|Any CPU.Build.0 = Debug|Any CPU
		{96CB06ED-03B2-4739-B8B1-0700F0483D66}.Release|Any CPU.ActiveCfg = Release|Any CPU
		{96CB06ED-03B2-4739-B8B1-0700F0483D66}.Release|Any CPU.Build.0 = Release|Any CPU
		{89F20A64-F18A-4758-90B1-034AD394BC6E}.Debug|Any CPU.ActiveCfg = Debug|Any CPU
		{89F20A64-F18A-4758-90B1-034AD394BC6E}.Debug|Any CPU.Build.0 = Debug|Any CPU
		{89F20A64-F18A-4758-90B1-034AD394BC6E}.Release|Any CPU.ActiveCfg = Release|Any CPU
		{89F20A64-F18A-4758-90B1-034AD394BC6E}.Release|Any CPU.Build.0 = Release|Any CPU
		{003B013E-275B-4089-979E-5B32659E60E4}.Debug|Any CPU.ActiveCfg = Debug|Any CPU
		{003B013E-275B-4089-979E-5B32659E60E4}.Debug|Any CPU.Build.0 = Debug|Any CPU
		{003B013E-275B-4089-979E-5B32659E60E4}.Release|Any CPU.ActiveCfg = Release|Any CPU
		{003B013E-275B-4089-979E-5B32659E60E4}.Release|Any CPU.Build.0 = Release|Any CPU
		{CB895261-E48F-4B9A-87E8-885BBD28EDA9}.Debug|Any CPU.ActiveCfg = Debug|Any CPU
		{CB895261-E48F-4B9A-87E8-885BBD28EDA9}.Debug|Any CPU.Build.0 = Debug|Any CPU
		{CB895261-E48F-4B9A-87E8-885BBD28EDA9}.Release|Any CPU.ActiveCfg = Release|Any CPU
		{CB895261-E48F-4B9A-87E8-885BBD28EDA9}.Release|Any CPU.Build.0 = Release|Any CPU
		{C8BD9744-02EE-4150-8BCD-24DC1D2105F1}.Debug|Any CPU.ActiveCfg = Debug|Any CPU
		{C8BD9744-02EE-4150-8BCD-24DC1D2105F1}.Debug|Any CPU.Build.0 = Debug|Any CPU
		{C8BD9744-02EE-4150-8BCD-24DC1D2105F1}.Release|Any CPU.ActiveCfg = Release|Any CPU
		{C8BD9744-02EE-4150-8BCD-24DC1D2105F1}.Release|Any CPU.Build.0 = Release|Any CPU
		{45BE5CC3-9FF5-409B-AAEA-0AF4D8361D44}.Debug|Any CPU.ActiveCfg = Debug|Any CPU
		{45BE5CC3-9FF5-409B-AAEA-0AF4D8361D44}.Debug|Any CPU.Build.0 = Debug|Any CPU
		{45BE5CC3-9FF5-409B-AAEA-0AF4D8361D44}.Release|Any CPU.ActiveCfg = Release|Any CPU
		{45BE5CC3-9FF5-409B-AAEA-0AF4D8361D44}.Release|Any CPU.Build.0 = Release|Any CPU
		{8B12DB72-A352-47B9-ABDD-45AC71709B88}.Debug|Any CPU.ActiveCfg = Debug|Any CPU
		{8B12DB72-A352-47B9-ABDD-45AC71709B88}.Debug|Any CPU.Build.0 = Debug|Any CPU
		{8B12DB72-A352-47B9-ABDD-45AC71709B88}.Release|Any CPU.ActiveCfg = Release|Any CPU
		{8B12DB72-A352-47B9-ABDD-45AC71709B88}.Release|Any CPU.Build.0 = Release|Any CPU
		{5ECFDA31-BCE5-4612-97B9-AB76EC1EDD7D}.Debug|Any CPU.ActiveCfg = Debug|Any CPU
		{5ECFDA31-BCE5-4612-97B9-AB76EC1EDD7D}.Debug|Any CPU.Build.0 = Debug|Any CPU
		{5ECFDA31-BCE5-4612-97B9-AB76EC1EDD7D}.Release|Any CPU.ActiveCfg = Release|Any CPU
		{5ECFDA31-BCE5-4612-97B9-AB76EC1EDD7D}.Release|Any CPU.Build.0 = Release|Any CPU
		{1A5E842A-FC7D-4E64-AED4-92E58109167F}.Debug|Any CPU.ActiveCfg = Debug|Any CPU
		{1A5E842A-FC7D-4E64-AED4-92E58109167F}.Debug|Any CPU.Build.0 = Debug|Any CPU
		{1A5E842A-FC7D-4E64-AED4-92E58109167F}.Release|Any CPU.ActiveCfg = Release|Any CPU
		{1A5E842A-FC7D-4E64-AED4-92E58109167F}.Release|Any CPU.Build.0 = Release|Any CPU
		{EF881788-07C0-4641-A568-EEF12AD7397C}.Debug|Any CPU.ActiveCfg = Debug|Any CPU
		{EF881788-07C0-4641-A568-EEF12AD7397C}.Debug|Any CPU.Build.0 = Debug|Any CPU
		{EF881788-07C0-4641-A568-EEF12AD7397C}.Release|Any CPU.ActiveCfg = Release|Any CPU
		{EF881788-07C0-4641-A568-EEF12AD7397C}.Release|Any CPU.Build.0 = Release|Any CPU
		{705BECB6-7DD8-4972-902E-46F7C5D06A01}.Debug|Any CPU.ActiveCfg = Debug|Any CPU
		{705BECB6-7DD8-4972-902E-46F7C5D06A01}.Debug|Any CPU.Build.0 = Debug|Any CPU
		{705BECB6-7DD8-4972-902E-46F7C5D06A01}.Release|Any CPU.ActiveCfg = Release|Any CPU
		{705BECB6-7DD8-4972-902E-46F7C5D06A01}.Release|Any CPU.Build.0 = Release|Any CPU
		{7F33EDD2-A4B7-44BD-AB65-7A275DB7AEAB}.Debug|Any CPU.ActiveCfg = Debug|Any CPU
		{7F33EDD2-A4B7-44BD-AB65-7A275DB7AEAB}.Debug|Any CPU.Build.0 = Debug|Any CPU
		{7F33EDD2-A4B7-44BD-AB65-7A275DB7AEAB}.Release|Any CPU.ActiveCfg = Release|Any CPU
		{7F33EDD2-A4B7-44BD-AB65-7A275DB7AEAB}.Release|Any CPU.Build.0 = Release|Any CPU
		{8D311BD5-8E24-4CA0-A361-73A388F08E24}.Debug|Any CPU.ActiveCfg = Debug|Any CPU
		{8D311BD5-8E24-4CA0-A361-73A388F08E24}.Debug|Any CPU.Build.0 = Debug|Any CPU
		{8D311BD5-8E24-4CA0-A361-73A388F08E24}.Release|Any CPU.ActiveCfg = Release|Any CPU
		{8D311BD5-8E24-4CA0-A361-73A388F08E24}.Release|Any CPU.Build.0 = Release|Any CPU
		{F60D3D12-FA75-4ECB-A793-533A9762A2F7}.Debug|Any CPU.ActiveCfg = Debug|Any CPU
		{F60D3D12-FA75-4ECB-A793-533A9762A2F7}.Debug|Any CPU.Build.0 = Debug|Any CPU
		{F60D3D12-FA75-4ECB-A793-533A9762A2F7}.Release|Any CPU.ActiveCfg = Release|Any CPU
		{F60D3D12-FA75-4ECB-A793-533A9762A2F7}.Release|Any CPU.Build.0 = Release|Any CPU
		{66A9C24D-A8AF-4260-9B6C-58552827620C}.Debug|Any CPU.ActiveCfg = Debug|Any CPU
		{66A9C24D-A8AF-4260-9B6C-58552827620C}.Debug|Any CPU.Build.0 = Debug|Any CPU
		{66A9C24D-A8AF-4260-9B6C-58552827620C}.Release|Any CPU.ActiveCfg = Release|Any CPU
		{66A9C24D-A8AF-4260-9B6C-58552827620C}.Release|Any CPU.Build.0 = Release|Any CPU
		{40F01351-FE14-41BF-9874-7D655AEF4227}.Debug|Any CPU.ActiveCfg = Debug|Any CPU
		{40F01351-FE14-41BF-9874-7D655AEF4227}.Debug|Any CPU.Build.0 = Debug|Any CPU
		{40F01351-FE14-41BF-9874-7D655AEF4227}.Release|Any CPU.ActiveCfg = Release|Any CPU
		{40F01351-FE14-41BF-9874-7D655AEF4227}.Release|Any CPU.Build.0 = Release|Any CPU
		{01C214B6-E88F-43CE-BFBB-DAC0EE77D750}.Debug|Any CPU.ActiveCfg = Debug|Any CPU
		{01C214B6-E88F-43CE-BFBB-DAC0EE77D750}.Debug|Any CPU.Build.0 = Debug|Any CPU
		{01C214B6-E88F-43CE-BFBB-DAC0EE77D750}.Release|Any CPU.ActiveCfg = Release|Any CPU
		{01C214B6-E88F-43CE-BFBB-DAC0EE77D750}.Release|Any CPU.Build.0 = Release|Any CPU
		{68780380-EEE6-4EBF-9191-1EA03EEA1A30}.Debug|Any CPU.ActiveCfg = Debug|Any CPU
		{68780380-EEE6-4EBF-9191-1EA03EEA1A30}.Debug|Any CPU.Build.0 = Debug|Any CPU
		{68780380-EEE6-4EBF-9191-1EA03EEA1A30}.Release|Any CPU.ActiveCfg = Release|Any CPU
		{68780380-EEE6-4EBF-9191-1EA03EEA1A30}.Release|Any CPU.Build.0 = Release|Any CPU
		{96CE8326-4C1A-485F-8F91-702154756D11}.Debug|Any CPU.ActiveCfg = Debug|Any CPU
		{96CE8326-4C1A-485F-8F91-702154756D11}.Debug|Any CPU.Build.0 = Debug|Any CPU
		{96CE8326-4C1A-485F-8F91-702154756D11}.Release|Any CPU.ActiveCfg = Release|Any CPU
		{96CE8326-4C1A-485F-8F91-702154756D11}.Release|Any CPU.Build.0 = Release|Any CPU
		{E3C21C70-BDEC-4B73-9577-0EBC772FD432}.Debug|Any CPU.ActiveCfg = Debug|Any CPU
		{E3C21C70-BDEC-4B73-9577-0EBC772FD432}.Debug|Any CPU.Build.0 = Debug|Any CPU
		{E3C21C70-BDEC-4B73-9577-0EBC772FD432}.Release|Any CPU.ActiveCfg = Release|Any CPU
		{E3C21C70-BDEC-4B73-9577-0EBC772FD432}.Release|Any CPU.Build.0 = Release|Any CPU
		{E93BF2F7-44F8-4E31-BA90-C5260C9CCDA8}.Debug|Any CPU.ActiveCfg = Debug|Any CPU
		{E93BF2F7-44F8-4E31-BA90-C5260C9CCDA8}.Debug|Any CPU.Build.0 = Debug|Any CPU
		{E93BF2F7-44F8-4E31-BA90-C5260C9CCDA8}.Release|Any CPU.ActiveCfg = Release|Any CPU
		{E93BF2F7-44F8-4E31-BA90-C5260C9CCDA8}.Release|Any CPU.Build.0 = Release|Any CPU
		{8E099BA2-E7D5-4A72-BE6D-2D00D9680F3F}.Debug|Any CPU.ActiveCfg = Debug|Any CPU
		{8E099BA2-E7D5-4A72-BE6D-2D00D9680F3F}.Debug|Any CPU.Build.0 = Debug|Any CPU
		{8E099BA2-E7D5-4A72-BE6D-2D00D9680F3F}.Release|Any CPU.ActiveCfg = Release|Any CPU
		{8E099BA2-E7D5-4A72-BE6D-2D00D9680F3F}.Release|Any CPU.Build.0 = Release|Any CPU
		{677278F0-DD72-489C-A72E-5DBF66D71668}.Debug|Any CPU.ActiveCfg = Debug|Any CPU
		{677278F0-DD72-489C-A72E-5DBF66D71668}.Debug|Any CPU.Build.0 = Debug|Any CPU
		{677278F0-DD72-489C-A72E-5DBF66D71668}.Release|Any CPU.ActiveCfg = Release|Any CPU
		{677278F0-DD72-489C-A72E-5DBF66D71668}.Release|Any CPU.Build.0 = Release|Any CPU
		{DBA0554B-46CE-4A62-840F-56A6E9205A7A}.Debug|Any CPU.ActiveCfg = Debug|Any CPU
		{DBA0554B-46CE-4A62-840F-56A6E9205A7A}.Debug|Any CPU.Build.0 = Debug|Any CPU
		{DBA0554B-46CE-4A62-840F-56A6E9205A7A}.Release|Any CPU.ActiveCfg = Release|Any CPU
		{DBA0554B-46CE-4A62-840F-56A6E9205A7A}.Release|Any CPU.Build.0 = Release|Any CPU
	EndGlobalSection
	GlobalSection(SolutionProperties) = preSolution
		HideSolutionNode = FALSE
	EndGlobalSection
	GlobalSection(NestedProjects) = preSolution
		{96CB06ED-03B2-4739-B8B1-0700F0483D66} = {93E73CF8-4227-42FF-8700-2ED1C15193A1}
		{C8BD9744-02EE-4150-8BCD-24DC1D2105F1} = {E16E953E-A782-4A8C-AF70-52D114DF16E6}
		{45BE5CC3-9FF5-409B-AAEA-0AF4D8361D44} = {E16E953E-A782-4A8C-AF70-52D114DF16E6}
		{8B12DB72-A352-47B9-ABDD-45AC71709B88} = {38E17517-B9B0-4FCD-9736-FFF0002FCAF9}
		{5ECFDA31-BCE5-4612-97B9-AB76EC1EDD7D} = {38E17517-B9B0-4FCD-9736-FFF0002FCAF9}
		{1A5E842A-FC7D-4E64-AED4-92E58109167F} = {7A795055-EEB7-4520-A07E-DF0FABCE031D}
		{EF881788-07C0-4641-A568-EEF12AD7397C} = {7A795055-EEB7-4520-A07E-DF0FABCE031D}
		{705BECB6-7DD8-4972-902E-46F7C5D06A01} = {93E73CF8-4227-42FF-8700-2ED1C15193A1}
		{7F33EDD2-A4B7-44BD-AB65-7A275DB7AEAB} = {FAB008B0-2A53-45C9-B07C-0B7B240A30D8}
		{8D311BD5-8E24-4CA0-A361-73A388F08E24} = {FAB008B0-2A53-45C9-B07C-0B7B240A30D8}
		{F60D3D12-FA75-4ECB-A793-533A9762A2F7} = {BAD6ACBF-1985-4512-AAF4-CE47F71E517E}
		{66A9C24D-A8AF-4260-9B6C-58552827620C} = {BAD6ACBF-1985-4512-AAF4-CE47F71E517E}
		{40F01351-FE14-41BF-9874-7D655AEF4227} = {C5D8DD75-B509-4A47-A8FC-4304F08901A9}
		{01C214B6-E88F-43CE-BFBB-DAC0EE77D750} = {C5D8DD75-B509-4A47-A8FC-4304F08901A9}
		{68780380-EEE6-4EBF-9191-1EA03EEA1A30} = {2BAF8F0F-D49B-4784-A9AD-6889A9D2E168}
		{96CE8326-4C1A-485F-8F91-702154756D11} = {2BAF8F0F-D49B-4784-A9AD-6889A9D2E168}
		{E3C21C70-BDEC-4B73-9577-0EBC772FD432} = {2BAF8F0F-D49B-4784-A9AD-6889A9D2E168}
		{E93BF2F7-44F8-4E31-BA90-C5260C9CCDA8} = {2EF1C108-7E08-4414-9809-8CD951ECF1A2}
		{8E099BA2-E7D5-4A72-BE6D-2D00D9680F3F} = {2EF1C108-7E08-4414-9809-8CD951ECF1A2}
		{677278F0-DD72-489C-A72E-5DBF66D71668} = {180467D9-7135-41EA-8046-1B0D9A80BC10}
		{DBA0554B-46CE-4A62-840F-56A6E9205A7A} = {180467D9-7135-41EA-8046-1B0D9A80BC10}
	EndGlobalSection
	GlobalSection(ExtensibilityGlobals) = postSolution
		SolutionGuid = {227C656D-B8D5-4C76-B075-D2EEAC0B7122}
	EndGlobalSection
EndGlobal
